
Microsoft Visual Studio Solution File, Format Version 12.00
# Visual Studio Version 16
VisualStudioVersion = 16.0.29009.5
MinimumVisualStudioVersion = 10.0.40219.1
Project("{FAE04EC0-301F-11D3-BF4B-00C04F79EFBC}") = "CA2", "CA2\CA2.csproj", "{CC1FABDA-8D87-45D9-BE90-D4CBD510B8EF}"
EndProject
Global
	GlobalSection(SolutionConfigurationPlatforms) = preSolution
		Debug|Any CPU = Debug|Any CPU
		Release|Any CPU = Release|Any CPU
	EndGlobalSection
	GlobalSection(ProjectConfigurationPlatforms) = postSolution
		{CC1FABDA-8D87-45D9-BE90-D4CBD510B8EF}.Debug|Any CPU.ActiveCfg = Debug|Any CPU
		{CC1FABDA-8D87-45D9-BE90-D4CBD510B8EF}.Debug|Any CPU.Build.0 = Debug|Any CPU
		{CC1FABDA-8D87-45D9-BE90-D4CBD510B8EF}.Release|Any CPU.ActiveCfg = Release|Any CPU
		{CC1FABDA-8D87-45D9-BE90-D4CBD510B8EF}.Release|Any CPU.Build.0 = Release|Any CPU
	EndGlobalSection
	GlobalSection(SolutionProperties) = preSolution
		HideSolutionNode = FALSE
	EndGlobalSection
	GlobalSection(ExtensibilityGlobals) = postSolution
		SolutionGuid = {5884A98C-E894-484D-8A1F-513A6F15D3D9}
	EndGlobalSection
EndGlobal
